
Microsoft Visual Studio Solution File, Format Version 12.00
# Visual Studio Version 17
VisualStudioVersion = 17.13.35828.75 d17.13
MinimumVisualStudioVersion = 10.0.40219.1
Project("{FAE04EC0-301F-11D3-BF4B-00C04F79EFBC}") = "ejerciciosguia0", "ejerciciosguia0.csproj", "{50EA79E8-3AA9-4D31-A8C5-D6A2BB584CA9}"
EndProject
Global
	GlobalSection(SolutionConfigurationPlatforms) = preSolution
		Debug|Any CPU = Debug|Any CPU
		Release|Any CPU = Release|Any CPU
	EndGlobalSection
	GlobalSection(ProjectConfigurationPlatforms) = postSolution
		{50EA79E8-3AA9-4D31-A8C5-D6A2BB584CA9}.Debug|Any CPU.ActiveCfg = Debug|Any CPU
		{50EA79E8-3AA9-4D31-A8C5-D6A2BB584CA9}.Debug|Any CPU.Build.0 = Debug|Any CPU
		{50EA79E8-3AA9-4D31-A8C5-D6A2BB584CA9}.Release|Any CPU.ActiveCfg = Release|Any CPU
		{50EA79E8-3AA9-4D31-A8C5-D6A2BB584CA9}.Release|Any CPU.Build.0 = Release|Any CPU
	EndGlobalSection
	GlobalSection(SolutionProperties) = preSolution
		HideSolutionNode = FALSE
	EndGlobalSection
	GlobalSection(ExtensibilityGlobals) = postSolution
		SolutionGuid = {FFFD9452-9469-47FF-93B5-DA7A7DB8864C}
	EndGlobalSection
EndGlobal
